
Microsoft Visual Studio Solution File, Format Version 12.00
# Visual Studio Version 17
VisualStudioVersion = 17.14.36414.22 d17.14
MinimumVisualStudioVersion = 10.0.40219.1
Project("{FAE04EC0-301F-11D3-BF4B-00C04F79EFBC}") = "WebApi", "WebApi\WebApi.csproj", "{1C56BD65-54FD-49DC-999C-4E9038FDDC44}"
EndProject
Global
	GlobalSection(SolutionConfigurationPlatforms) = preSolution
		Debug|Any CPU = Debug|Any CPU
		Release|Any CPU = Release|Any CPU
	EndGlobalSection
	GlobalSection(ProjectConfigurationPlatforms) = postSolution
		{1C56BD65-54FD-49DC-999C-4E9038FDDC44}.Debug|Any CPU.ActiveCfg = Debug|Any CPU
		{1C56BD65-54FD-49DC-999C-4E9038FDDC44}.Debug|Any CPU.Build.0 = Debug|Any CPU
		{1C56BD65-54FD-49DC-999C-4E9038FDDC44}.Release|Any CPU.ActiveCfg = Release|Any CPU
		{1C56BD65-54FD-49DC-999C-4E9038FDDC44}.Release|Any CPU.Build.0 = Release|Any CPU
	EndGlobalSection
	GlobalSection(SolutionProperties) = preSolution
		HideSolutionNode = FALSE
	EndGlobalSection
	GlobalSection(ExtensibilityGlobals) = postSolution
		SolutionGuid = {FADF79A5-EFF9-4BA5-AC7B-52F579DE9015}
	EndGlobalSection
EndGlobal
